
Microsoft Visual Studio Solution File, Format Version 12.00
# Visual Studio 15
VisualStudioVersion = 15.0.28010.2016
MinimumVisualStudioVersion = 10.0.40219.1
Project("{FAE04EC0-301F-11D3-BF4B-00C04F79EFBC}") = "Crosscutting", "src\Crosscutting\Crosscutting.csproj", "{0880EF8A-323B-463D-A441-BA3155C14F64}"
EndProject
Project("{FAE04EC0-301F-11D3-BF4B-00C04F79EFBC}") = "ExcelConverter", "src\ExcelConverter\ExcelConverter.csproj", "{DAF73BF9-F6DF-4630-B4E3-26B8CB19E6B1}"
EndProject
Global
	GlobalSection(SolutionConfigurationPlatforms) = preSolution
		Debug|Any CPU = Debug|Any CPU
		Release|Any CPU = Release|Any CPU
	EndGlobalSection
	GlobalSection(ProjectConfigurationPlatforms) = postSolution
		{0880EF8A-323B-463D-A441-BA3155C14F64}.Debug|Any CPU.ActiveCfg = Debug|Any CPU
		{0880EF8A-323B-463D-A441-BA3155C14F64}.Debug|Any CPU.Build.0 = Debug|Any CPU
		{0880EF8A-323B-463D-A441-BA3155C14F64}.Release|Any CPU.ActiveCfg = Release|Any CPU
		{0880EF8A-323B-463D-A441-BA3155C14F64}.Release|Any CPU.Build.0 = Release|Any CPU
		{DAF73BF9-F6DF-4630-B4E3-26B8CB19E6B1}.Debug|Any CPU.ActiveCfg = Debug|Any CPU
		{DAF73BF9-F6DF-4630-B4E3-26B8CB19E6B1}.Debug|Any CPU.Build.0 = Debug|Any CPU
		{DAF73BF9-F6DF-4630-B4E3-26B8CB19E6B1}.Release|Any CPU.ActiveCfg = Release|Any CPU
		{DAF73BF9-F6DF-4630-B4E3-26B8CB19E6B1}.Release|Any CPU.Build.0 = Release|Any CPU
	EndGlobalSection
	GlobalSection(SolutionProperties) = preSolution
		HideSolutionNode = FALSE
	EndGlobalSection
	GlobalSection(ExtensibilityGlobals) = postSolution
		SolutionGuid = {B947849D-7681-4361-BEC5-43055FF821F6}
	EndGlobalSection
EndGlobal
